
Microsoft Visual Studio Solution File, Format Version 12.00
# Visual Studio Version 17
VisualStudioVersion = 17.9.34723.18
MinimumVisualStudioVersion = 10.0.40219.1
Project("{FAE04EC0-301F-11D3-BF4B-00C04F79EFBC}") = "MSEdgeTabsOutput", "MSEdgeTabsOutput.csproj", "{BB68C4AE-607A-4449-82B2-7DB8B4A71FFA}"
EndProject
Global
	GlobalSection(SolutionConfigurationPlatforms) = preSolution
		Debug|Any CPU = Debug|Any CPU
		Release|Any CPU = Release|Any CPU
	EndGlobalSection
	GlobalSection(ProjectConfigurationPlatforms) = postSolution
		{BB68C4AE-607A-4449-82B2-7DB8B4A71FFA}.Debug|Any CPU.ActiveCfg = Debug|Any CPU
		{BB68C4AE-607A-4449-82B2-7DB8B4A71FFA}.Debug|Any CPU.Build.0 = Debug|Any CPU
		{BB68C4AE-607A-4449-82B2-7DB8B4A71FFA}.Release|Any CPU.ActiveCfg = Release|Any CPU
		{BB68C4AE-607A-4449-82B2-7DB8B4A71FFA}.Release|Any CPU.Build.0 = Release|Any CPU
	EndGlobalSection
	GlobalSection(SolutionProperties) = preSolution
		HideSolutionNode = FALSE
	EndGlobalSection
	GlobalSection(ExtensibilityGlobals) = postSolution
		SolutionGuid = {695131E7-FEA9-47FE-8F2E-7306FC535924}
	EndGlobalSection
EndGlobal
